
Microsoft Visual Studio Solution File, Format Version 12.00
# Visual Studio Version 16
VisualStudioVersion = 16.0.31205.134
MinimumVisualStudioVersion = 10.0.40219.1
Project("{FAE04EC0-301F-11D3-BF4B-00C04F79EFBC}") = "CustomEmotesAPI", "CustomEmotesAPI\CustomEmotesAPI.csproj", "{7EA1C941-92DD-4435-A3AC-87B885484C2A}"
EndProject
Global
	GlobalSection(SolutionConfigurationPlatforms) = preSolution
		Debug|Any CPU = Debug|Any CPU
		Release|Any CPU = Release|Any CPU
	EndGlobalSection
	GlobalSection(ProjectConfigurationPlatforms) = postSolution
		{7EA1C941-92DD-4435-A3AC-87B885484C2A}.Debug|Any CPU.ActiveCfg = Debug|Any CPU
		{7EA1C941-92DD-4435-A3AC-87B885484C2A}.Debug|Any CPU.Build.0 = Debug|Any CPU
		{7EA1C941-92DD-4435-A3AC-87B885484C2A}.Release|Any CPU.ActiveCfg = Release|Any CPU
		{7EA1C941-92DD-4435-A3AC-87B885484C2A}.Release|Any CPU.Build.0 = Release|Any CPU
	EndGlobalSection
	GlobalSection(SolutionProperties) = preSolution
		HideSolutionNode = FALSE
	EndGlobalSection
	GlobalSection(ExtensibilityGlobals) = postSolution
		SolutionGuid = {CB6E2E3A-C6D3-498F-8435-8F2580855C9A}
	EndGlobalSection
EndGlobal
